
Microsoft Visual Studio Solution File, Format Version 12.00
# Visual Studio 2012
Project("{FAE04EC0-301F-11D3-BF4B-00C04F79EFBC}") = "boxing-ring-js", "boxing-ring-js.csproj", "{2BB67995-1351-48F9-99AC-3E2DF3925C61}"
EndProject
Global
	GlobalSection(SolutionConfigurationPlatforms) = preSolution
		Debug|Any CPU = Debug|Any CPU
		Release|Any CPU = Release|Any CPU
	EndGlobalSection
	GlobalSection(ProjectConfigurationPlatforms) = postSolution
		{2BB67995-1351-48F9-99AC-3E2DF3925C61}.Debug|Any CPU.ActiveCfg = Debug|Any CPU
		{2BB67995-1351-48F9-99AC-3E2DF3925C61}.Debug|Any CPU.Build.0 = Debug|Any CPU
		{2BB67995-1351-48F9-99AC-3E2DF3925C61}.Release|Any CPU.ActiveCfg = Release|Any CPU
		{2BB67995-1351-48F9-99AC-3E2DF3925C61}.Release|Any CPU.Build.0 = Release|Any CPU
	EndGlobalSection
	GlobalSection(SolutionProperties) = preSolution
		HideSolutionNode = FALSE
	EndGlobalSection
EndGlobal
